
Microsoft Visual Studio Solution File, Format Version 12.00
# Visual Studio Version 17
VisualStudioVersion = 17.8.34330.188
MinimumVisualStudioVersion = 10.0.40219.1
Project("{FAE04EC0-301F-11D3-BF4B-00C04F79EFBC}") = "HRTechAPI", "HRTechAPI\HRTechAPI.csproj", "{17ACD330-A1E5-4F1A-8F02-F91E6A9AA6E5}"
EndProject
Global
	GlobalSection(SolutionConfigurationPlatforms) = preSolution
		Debug|Any CPU = Debug|Any CPU
		Release|Any CPU = Release|Any CPU
	EndGlobalSection
	GlobalSection(ProjectConfigurationPlatforms) = postSolution
		{17ACD330-A1E5-4F1A-8F02-F91E6A9AA6E5}.Debug|Any CPU.ActiveCfg = Debug|Any CPU
		{17ACD330-A1E5-4F1A-8F02-F91E6A9AA6E5}.Debug|Any CPU.Build.0 = Debug|Any CPU
		{17ACD330-A1E5-4F1A-8F02-F91E6A9AA6E5}.Release|Any CPU.ActiveCfg = Release|Any CPU
		{17ACD330-A1E5-4F1A-8F02-F91E6A9AA6E5}.Release|Any CPU.Build.0 = Release|Any CPU
	EndGlobalSection
	GlobalSection(SolutionProperties) = preSolution
		HideSolutionNode = FALSE
	EndGlobalSection
	GlobalSection(ExtensibilityGlobals) = postSolution
		SolutionGuid = {6586BF48-610F-42DF-B847-DC3D06421B86}
	EndGlobalSection
EndGlobal
